// !$*UTF8*$!
{
	archiveVersion = 1;
	classes = {
	};
	objectVersion = 77;
	objects = {

/* Begin PBXBuildFile section */
		9F5EBBA72D09EB1D00806433 /* GDateKit in Frameworks */ = {isa = PBXBuildFile; productRef = 9F5EBBA62D09EB1D00806433 /* GDateKit */; };
/* End PBXBuildFile section */

/* Begin PBXContainerItemProxy section */
		9F5EBB722D09E75F00806433 /* PBXContainerItemProxy */ = {
			isa = PBXContainerItemProxy;
			containerPortal = 9F5EBB532D09E75E00806433 /* Project object */;
			proxyType = 1;
			remoteGlobalIDString = 9F5EBB5A2D09E75E00806433;
			remoteInfo = GDateKitExample;
		};
		9F5EBB7C2D09E75F00806433 /* PBXContainerItemProxy */ = {
			isa = PBXContainerItemProxy;
			containerPortal = 9F5EBB532D09E75E00806433 /* Project object */;
			proxyType = 1;
			remoteGlobalIDString = 9F5EBB5A2D09E75E00806433;
			remoteInfo = GDateKitExample;
		};
/* End PBXContainerItemProxy section */

/* Begin PBXFileReference section */
		9F5EBB5B2D09E75E00806433 /* GDateKitExample.app */ = {isa = PBXFileReference; explicitFileType = wrapper.application; includeInIndex = 0; path = GDateKitExample.app; sourceTree = BUILT_PRODUCTS_DIR; };
		9F5EBB712D09E75F00806433 /* GDateKitExampleTests.xctest */ = {isa = PBXFileReference; explicitFileType = wrapper.cfbundle; includeInIndex = 0; path = GDateKitExampleTests.xctest; sourceTree = BUILT_PRODUCTS_DIR; };
		9F5EBB7B2D09E75F00806433 /* GDateKitExampleUITests.xctest */ = {isa = PBXFileReference; explicitFileType = wrapper.cfbundle; includeInIndex = 0; path = GDateKitExampleUITests.xctest; sourceTree = BUILT_PRODUCTS_DIR; };
/* End PBXFileReference section */

/* Begin PBXFileSystemSynchronizedBuildFileExceptionSet section */
		9F5EBB832D09E75F00806433 /* Exceptions for "GDateKitExample" folder in "GDateKitExample" target */ = {
			isa = PBXFileSystemSynchronizedBuildFileExceptionSet;
			membershipExceptions = (
				Info.plist,
			);
			target = 9F5EBB5A2D09E75E00806433 /* GDateKitExample */;
		};
/* End PBXFileSystemSynchronizedBuildFileExceptionSet section */

/* Begin PBXFileSystemSynchronizedRootGroup section */
		9F5EBB5D2D09E75E00806433 /* GDateKitExample */ = {
			isa = PBXFileSystemSynchronizedRootGroup;
			exceptions = (
				9F5EBB832D09E75F00806433 /* Exceptions for "GDateKitExample" folder in "GDateKitExample" target */,
			);
			path = GDateKitExample;
			sourceTree = "<group>";
		};
		9F5EBB742D09E75F00806433 /* GDateKitExampleTests */ = {
			isa = PBXFileSystemSynchronizedRootGroup;
			path = GDateKitExampleTests;
			sourceTree = "<group>";
		};
		9F5EBB7E2D09E75F00806433 /* GDateKitExampleUITests */ = {
			isa = PBXFileSystemSynchronizedRootGroup;
			path = GDateKitExampleUITests;
			sourceTree = "<group>";
		};
/* End PBXFileSystemSynchronizedRootGroup section */

/* Begin PBXFrameworksBuildPhase section */
		9F5EBB582D09E75E00806433 /* Frameworks */ = {
			isa = PBXFrameworksBuildPhase;
			buildActionMask = 2147483647;
			files = (
				9F5EBBA72D09EB1D00806433 /* GDateKit in Frameworks */,
			);
			runOnlyForDeploymentPostprocessing = 0;
		};
		9F5EBB6E2D09E75F00806433 /* Frameworks */ = {
			isa = PBXFrameworksBuildPhase;
			buildActionMask = 2147483647;
			files = (
			);
			runOnlyForDeploymentPostprocessing = 0;
		};
		9F5EBB782D09E75F00806433 /* Frameworks */ = {
			isa = PBXFrameworksBuildPhase;
			buildActionMask = 2147483647;
			files = (
			);
			runOnlyForDeploymentPostprocessing = 0;
		};
/* End PBXFrameworksBuildPhase section */

/* Begin PBXGroup section */
		9F5EBB522D09E75E00806433 = {
			isa = PBXGroup;
			children = (
				9F5EBB5D2D09E75E00806433 /* GDateKitExample */,
				9F5EBB742D09E75F00806433 /* GDateKitExampleTests */,
				9F5EBB7E2D09E75F00806433 /* GDateKitExampleUITests */,
				9F5EBB5C2D09E75E00806433 /* Products */,
			);
			sourceTree = "<group>";
		};
		9F5EBB5C2D09E75E00806433 /* Products */ = {
			isa = PBXGroup;
			children = (
				9F5EBB5B2D09E75E00806433 /* GDateKitExample.app */,
				9F5EBB712D09E75F00806433 /* GDateKitExampleTests.xctest */,
				9F5EBB7B2D09E75F00806433 /* GDateKitExampleUITests.xctest */,
			);
			name = Products;
			sourceTree = "<group>";
		};
/* End PBXGroup section */

/* Begin PBXNativeTarget section */
		9F5EBB5A2D09E75E00806433 /* GDateKitExample */ = {
			isa = PBXNativeTarget;
			buildConfigurationList = 9F5EBB842D09E75F00806433 /* Build configuration list for PBXNativeTarget "GDateKitExample" */;
			buildPhases = (
				9F5EBB572D09E75E00806433 /* Sources */,
				9F5EBB582D09E75E00806433 /* Frameworks */,
				9F5EBB592D09E75E00806433 /* Resources */,
			);
			buildRules = (
			);
			dependencies = (
			);
			fileSystemSynchronizedGroups = (
				9F5EBB5D2D09E75E00806433 /* GDateKitExample */,
			);
			name = GDateKitExample;
			packageProductDependencies = (
				9F5EBBA62D09EB1D00806433 /* GDateKit */,
			);
			productName = GDateKitExample;
			productReference = 9F5EBB5B2D09E75E00806433 /* GDateKitExample.app */;
			productType = "com.apple.product-type.application";
		};
		9F5EBB702D09E75F00806433 /* GDateKitExampleTests */ = {
			isa = PBXNativeTarget;
			buildConfigurationList = 9F5EBB892D09E75F00806433 /* Build configuration list for PBXNativeTarget "GDateKitExampleTests" */;
			buildPhases = (
				9F5EBB6D2D09E75F00806433 /* Sources */,
				9F5EBB6E2D09E75F00806433 /* Frameworks */,
				9F5EBB6F2D09E75F00806433 /* Resources */,
			);
			buildRules = (
			);
			dependencies = (
				9F5EBB732D09E75F00806433 /* PBXTargetDependency */,
			);
			fileSystemSynchronizedGroups = (
				9F5EBB742D09E75F00806433 /* GDateKitExampleTests */,
			);
			name = GDateKitExampleTests;
			packageProductDependencies = (
			);
			productName = GDateKitExampleTests;
			productReference = 9F5EBB712D09E75F00806433 /* GDateKitExampleTests.xctest */;
			productType = "com.apple.product-type.bundle.unit-test";
		};
		9F5EBB7A2D09E75F00806433 /* GDateKitExampleUITests */ = {
			isa = PBXNativeTarget;
			buildConfigurationList = 9F5EBB8C2D09E75F00806433 /* Build configuration list for PBXNativeTarget "GDateKitExampleUITests" */;
			buildPhases = (
				9F5EBB772D09E75F00806433 /* Sources */,
				9F5EBB782D09E75F00806433 /* Frameworks */,
				9F5EBB792D09E75F00806433 /* Resources */,
			);
			buildRules = (
			);
			dependencies = (
				9F5EBB7D2D09E75F00806433 /* PBXTargetDependency */,
			);
			fileSystemSynchronizedGroups = (
				9F5EBB7E2D09E75F00806433 /* GDateKitExampleUITests */,
			);
			name = GDateKitExampleUITests;
			packageProductDependencies = (
			);
			productName = GDateKitExampleUITests;
			productReference = 9F5EBB7B2D09E75F00806433 /* GDateKitExampleUITests.xctest */;
			productType = "com.apple.product-type.bundle.ui-testing";
		};
/* End PBXNativeTarget section */

/* Begin PBXProject section */
		9F5EBB532D09E75E00806433 /* Project object */ = {
			isa = PBXProject;
			attributes = {
				BuildIndependentTargetsInParallel = 1;
				LastSwiftUpdateCheck = 1600;
				LastUpgradeCheck = 1600;
				TargetAttributes = {
					9F5EBB5A2D09E75E00806433 = {
						CreatedOnToolsVersion = 16.0;
					};
					9F5EBB702D09E75F00806433 = {
						CreatedOnToolsVersion = 16.0;
						TestTargetID = 9F5EBB5A2D09E75E00806433;
					};
					9F5EBB7A2D09E75F00806433 = {
						CreatedOnToolsVersion = 16.0;
						TestTargetID = 9F5EBB5A2D09E75E00806433;
					};
				};
			};
			buildConfigurationList = 9F5EBB562D09E75E00806433 /* Build configuration list for PBXProject "GDateKitExample" */;
			developmentRegion = en;
			hasScannedForEncodings = 0;
			knownRegions = (
				en,
				Base,
			);
			mainGroup = 9F5EBB522D09E75E00806433;
			minimizedProjectReferenceProxies = 1;
			packageReferences = (
				9F5EBBA52D09EB1D00806433 /* XCLocalSwiftPackageReference "../../../GDateKit" */,
			);
			preferredProjectObjectVersion = 77;
			productRefGroup = 9F5EBB5C2D09E75E00806433 /* Products */;
			projectDirPath = "";
			projectRoot = "";
			targets = (
				9F5EBB5A2D09E75E00806433 /* GDateKitExample */,
				9F5EBB702D09E75F00806433 /* GDateKitExampleTests */,
				9F5EBB7A2D09E75F00806433 /* GDateKitExampleUITests */,
			);
		};
/* End PBXProject section */

/* Begin PBXResourcesBuildPhase section */
		9F5EBB592D09E75E00806433 /* Resources */ = {
			isa = PBXResourcesBuildPhase;
			buildActionMask = 2147483647;
			files = (
			);
			runOnlyForDeploymentPostprocessing = 0;
		};
		9F5EBB6F2D09E75F00806433 /* Resources */ = {
			isa = PBXResourcesBuildPhase;
			buildActionMask = 2147483647;
			files = (
			);
			runOnlyForDeploymentPostprocessing = 0;
		};
		9F5EBB792D09E75F00806433 /* Resources */ = {
			isa = PBXResourcesBuildPhase;
			buildActionMask = 2147483647;
			files = (
			);
			runOnlyForDeploymentPostprocessing = 0;
		};
/* End PBXResourcesBuildPhase section */

/* Begin PBXSourcesBuildPhase section */
		9F5EBB572D09E75E00806433 /* Sources */ = {
			isa = PBXSourcesBuildPhase;
			buildActionMask = 2147483647;
			files = (
			);
			runOnlyForDeploymentPostprocessing = 0;
		};
		9F5EBB6D2D09E75F00806433 /* Sources */ = {
			isa = PBXSourcesBuildPhase;
			buildActionMask = 2147483647;
			files = (
			);
			runOnlyForDeploymentPostprocessing = 0;
		};
		9F5EBB772D09E75F00806433 /* Sources */ = {
			isa = PBXSourcesBuildPhase;
			buildActionMask = 2147483647;
			files = (
			);
			runOnlyForDeploymentPostprocessing = 0;
		};
/* End PBXSourcesBuildPhase section */

/* Begin PBXTargetDependency section */
		9F5EBB732D09E75F00806433 /* PBXTargetDependency */ = {
			isa = PBXTargetDependency;
			target = 9F5EBB5A2D09E75E00806433 /* GDateKitExample */;
			targetProxy = 9F5EBB722D09E75F00806433 /* PBXContainerItemProxy */;
		};
		9F5EBB7D2D09E75F00806433 /* PBXTargetDependency */ = {
			isa = PBXTargetDependency;
			target = 9F5EBB5A2D09E75E00806433 /* GDateKitExample */;
			targetProxy = 9F5EBB7C2D09E75F00806433 /* PBXContainerItemProxy */;
		};
/* End PBXTargetDependency section */

/* Begin XCBuildConfiguration section */
		9F5EBB852D09E75F00806433 /* Debug */ = {
			isa = XCBuildConfiguration;
			buildSettings = {
				ASSETCATALOG_COMPILER_APPICON_NAME = AppIcon;
				ASSETCATALOG_COMPILER_GLOBAL_ACCENT_COLOR_NAME = AccentColor;
				CODE_SIGN_STYLE = Automatic;
				CURRENT_PROJECT_VERSION = 1;
				DEVELOPMENT_TEAM = YBH7VNKFTJ;
				GENERATE_INFOPLIST_FILE = YES;
				INFOPLIST_FILE = GDateKitExample/Info.plist;
				INFOPLIST_KEY_UIApplicationSupportsIndirectInputEvents = YES;
				INFOPLIST_KEY_UILaunchStoryboardName = Main.storyboard;
				INFOPLIST_KEY_UIMainStoryboardFile = Main;
				INFOPLIST_KEY_UISupportedInterfaceOrientations_iPad = "UIInterfaceOrientationPortrait UIInterfaceOrientationPortraitUpsideDown UIInterfaceOrientationLandscapeLeft UIInterfaceOrientationLandscapeRight";
				INFOPLIST_KEY_UISupportedInterfaceOrientations_iPhone = "UIInterfaceOrientationPortrait UIInterfaceOrientationLandscapeLeft UIInterfaceOrientationLandscapeRight";
				IPHONEOS_DEPLOYMENT_TARGET = 18.0;
				LD_RUNPATH_SEARCH_PATHS = (
					"$(inherited)",
					"@executable_path/Frameworks",
				);
				MARKETING_VERSION = 1.0;
				PRODUCT_BUNDLE_IDENTIFIER = com.ted.GDateKitExample;
				PRODUCT_NAME = "$(TARGET_NAME)";
				SWIFT_EMIT_LOC_STRINGS = YES;
				SWIFT_VERSION = 5.0;
				TARGETED_DEVICE_FAMILY = "1,2";
			};
			name = Debug;
		};
		9F5EBB862D09E75F00806433 /* Release */ = {
			isa = XCBuildConfiguration;
			buildSettings = {
				ASSETCATALOG_COMPILER_APPICON_NAME = AppIcon;
				ASSETCATALOG_COMPILER_GLOBAL_ACCENT_COLOR_NAME = AccentColor;
				CODE_SIGN_STYLE = Automatic;
				CURRENT_PROJECT_VERSION = 1;
				DEVELOPMENT_TEAM = YBH7VNKFTJ;
				GENERATE_INFOPLIST_FILE = YES;
				INFOPLIST_FILE = GDateKitExample/Info.plist;
				INFOPLIST_KEY_UIApplicationSupportsIndirectInputEvents = YES;
				INFOPLIST_KEY_UILaunchStoryboardName = Main.storyboard;
				INFOPLIST_KEY_UIMainStoryboardFile = Main;
				INFOPLIST_KEY_UISupportedInterfaceOrientations_iPad = "UIInterfaceOrientationPortrait UIInterfaceOrientationPortraitUpsideDown UIInterfaceOrientationLandscapeLeft UIInterfaceOrientationLandscapeRight";
				INFOPLIST_KEY_UISupportedInterfaceOrientations_iPhone = "UIInterfaceOrientationPortrait UIInterfaceOrientationLandscapeLeft UIInterfaceOrientationLandscapeRight";
				IPHONEOS_DEPLOYMENT_TARGET = 18.0;
				LD_RUNPATH_SEARCH_PATHS = (
					"$(inherited)",
					"@executable_path/Frameworks",
				);
				MARKETING_VERSION = 1.0;
				PRODUCT_BUNDLE_IDENTIFIER = com.ted.GDateKitExample;
				PRODUCT_NAME = "$(TARGET_NAME)";
				SWIFT_EMIT_LOC_STRINGS = YES;
				SWIFT_VERSION = 5.0;
				TARGETED_DEVICE_FAMILY = "1,2";
			};
			name = Release;
		};
		9F5EBB872D09E75F00806433 /* Debug */ = {
			isa = XCBuildConfiguration;
			buildSettings = {
				ALWAYS_SEARCH_USER_PATHS = NO;
				ASSETCATALOG_COMPILER_GENERATE_SWIFT_ASSET_SYMBOL_EXTENSIONS = YES;
				CLANG_ANALYZER_NONNULL = YES;
				CLANG_ANALYZER_NUMBER_OBJECT_CONVERSION = YES_AGGRESSIVE;
				CLANG_CXX_LANGUAGE_STANDARD = "gnu++20";
				CLANG_ENABLE_MODULES = YES;
				CLANG_ENABLE_OBJC_ARC = YES;
				CLANG_ENABLE_OBJC_WEAK = YES;
				CLANG_WARN_BLOCK_CAPTURE_AUTORELEASING = YES;
				CLANG_WARN_BOOL_CONVERSION = YES;
				CLANG_WARN_COMMA = YES;
				CLANG_WARN_CONSTANT_CONVERSION = YES;
				CLANG_WARN_DEPRECATED_OBJC_IMPLEMENTATIONS = YES;
				CLANG_WARN_DIRECT_OBJC_ISA_USAGE = YES_ERROR;
				CLANG_WARN_DOCUMENTATION_COMMENTS = YES;
				CLANG_WARN_EMPTY_BODY = YES;
				CLANG_WARN_ENUM_CONVERSION = YES;
				CLANG_WARN_INFINITE_RECURSION = YES;
				CLANG_WARN_INT_CONVERSION = YES;
				CLANG_WARN_NON_LITERAL_NULL_CONVERSION = YES;
				CLANG_WARN_OBJC_IMPLICIT_RETAIN_SELF = YES;
				CLANG_WARN_OBJC_LITERAL_CONVERSION = YES;
				CLANG_WARN_OBJC_ROOT_CLASS = YES_ERROR;
				CLANG_WARN_QUOTED_INCLUDE_IN_FRAMEWORK_HEADER = YES;
				CLANG_WARN_RANGE_LOOP_ANALYSIS = YES;
				CLANG_WARN_STRICT_PROTOTYPES = YES;
				CLANG_WARN_SUSPICIOUS_MOVE = YES;
				CLANG_WARN_UNGUARDED_AVAILABILITY = YES_AGGRESSIVE;
				CLANG_WARN_UNREACHABLE_CODE = YES;
				CLANG_WARN__DUPLICATE_METHOD_MATCH = YES;
				COPY_PHASE_STRIP = NO;
				DEBUG_INFORMATION_FORMAT = dwarf;
				ENABLE_STRICT_OBJC_MSGSEND = YES;
				ENABLE_TESTABILITY = YES;
				ENABLE_USER_SCRIPT_SANDBOXING = YES;
				GCC_C_LANGUAGE_STANDARD = gnu17;
				GCC_DYNAMIC_NO_PIC = NO;
				GCC_NO_COMMON_BLOCKS = YES;
				GCC_OPTIMIZATION_LEVEL = 0;
				GCC_PREPROCESSOR_DEFINITIONS = (
					"DEBUG=1",
					"$(inherited)",
				);
				GCC_WARN_64_TO_32_BIT_CONVERSION = YES;
				GCC_WARN_ABOUT_RETURN_TYPE = YES_ERROR;
				GCC_WARN_UNDECLARED_SELECTOR = YES;
				GCC_WARN_UNINITIALIZED_AUTOS = YES_AGGRESSIVE;
				GCC_WARN_UNUSED_FUNCTION = YES;
				GCC_WARN_UNUSED_VARIABLE = YES;
				IPHONEOS_DEPLOYMENT_TARGET = 18.0;
				LOCALIZATION_PREFERS_STRING_CATALOGS = YES;
				MTL_ENABLE_DEBUG_INFO = INCLUDE_SOURCE;
				MTL_FAST_MATH = YES;
				ONLY_ACTIVE_ARCH = YES;
				SDKROOT = iphoneos;
				SWIFT_ACTIVE_COMPILATION_CONDITIONS = "DEBUG $(inherited)";
				SWIFT_OPTIMIZATION_LEVEL = "-Onone";
			};
			name = Debug;
		};
		9F5EBB882D09E75F00806433 /* Release */ = {
			isa = XCBuildConfiguration;
			buildSettings = {
				ALWAYS_SEARCH_USER_PATHS = NO;
				ASSETCATALOG_COMPILER_GENERATE_SWIFT_ASSET_SYMBOL_EXTENSIONS = YES;
				CLANG_ANALYZER_NONNULL = YES;
				CLANG_ANALYZER_NUMBER_OBJECT_CONVERSION = YES_AGGRESSIVE;
				CLANG_CXX_LANGUAGE_STANDARD = "gnu++20";
				CLANG_ENABLE_MODULES = YES;
				CLANG_ENABLE_OBJC_ARC = YES;
				CLANG_ENABLE_OBJC_WEAK = YES;
				CLANG_WARN_BLOCK_CAPTURE_AUTORELEASING = YES;
				CLANG_WARN_BOOL_CONVERSION = YES;
				CLANG_WARN_COMMA = YES;
				CLANG_WARN_CONSTANT_CONVERSION = YES;
				CLANG_WARN_DEPRECATED_OBJC_IMPLEMENTATIONS = YES;
				CLANG_WARN_DIRECT_OBJC_ISA_USAGE = YES_ERROR;
				CLANG_WARN_DOCUMENTATION_COMMENTS = YES;
				CLANG_WARN_EMPTY_BODY = YES;
				CLANG_WARN_ENUM_CONVERSION = YES;
				CLANG_WARN_INFINITE_RECURSION = YES;
				CLANG_WARN_INT_CONVERSION = YES;
				CLANG_WARN_NON_LITERAL_NULL_CONVERSION = YES;
				CLANG_WARN_OBJC_IMPLICIT_RETAIN_SELF = YES;
				CLANG_WARN_OBJC_LITERAL_CONVERSION = YES;
				CLANG_WARN_OBJC_ROOT_CLASS = YES_ERROR;
				CLANG_WARN_QUOTED_INCLUDE_IN_FRAMEWORK_HEADER = YES;
				CLANG_WARN_RANGE_LOOP_ANALYSIS = YES;
				CLANG_WARN_STRICT_PROTOTYPES = YES;
				CLANG_WARN_SUSPICIOUS_MOVE = YES;
				CLANG_WARN_UNGUARDED_AVAILABILITY = YES_AGGRESSIVE;
				CLANG_WARN_UNREACHABLE_CODE = YES;
				CLANG_WARN__DUPLICATE_METHOD_MATCH = YES;
				COPY_PHASE_STRIP = NO;
				DEBUG_INFORMATION_FORMAT = "dwarf-with-dsym";
				ENABLE_NS_ASSERTIONS = NO;
				ENABLE_STRICT_OBJC_MSGSEND = YES;
				ENABLE_USER_SCRIPT_SANDBOXING = YES;
				GCC_C_LANGUAGE_STANDARD = gnu17;
				GCC_NO_COMMON_BLOCKS = YES;
				GCC_WARN_64_TO_32_BIT_CONVERSION = YES;
				GCC_WARN_ABOUT_RETURN_TYPE = YES_ERROR;
				GCC_WARN_UNDECLARED_SELECTOR = YES;
				GCC_WARN_UNINITIALIZED_AUTOS = YES_AGGRESSIVE;
				GCC_WARN_UNUSED_FUNCTION = YES;
				GCC_WARN_UNUSED_VARIABLE = YES;
				IPHONEOS_DEPLOYMENT_TARGET = 18.0;
				LOCALIZATION_PREFERS_STRING_CATALOGS = YES;
				MTL_ENABLE_DEBUG_INFO = NO;
				MTL_FAST_MATH = YES;
				SDKROOT = iphoneos;
				SWIFT_COMPILATION_MODE = wholemodule;
				VALIDATE_PRODUCT = YES;
			};
			name = Release;
		};
		9F5EBB8A2D09E75F00806433 /* Debug */ = {
			isa = XCBuildConfiguration;
			buildSettings = {
				BUNDLE_LOADER = "$(TEST_HOST)";
				CODE_SIGN_STYLE = Automatic;
				CURRENT_PROJECT_VERSION = 1;
				DEVELOPMENT_TEAM = YBH7VNKFTJ;
				GENERATE_INFOPLIST_FILE = YES;
				IPHONEOS_DEPLOYMENT_TARGET = 18.0;
				MARKETING_VERSION = 1.0;
				PRODUCT_BUNDLE_IDENTIFIER = com.ted.GDateKitExampleTests;
				PRODUCT_NAME = "$(TARGET_NAME)";
				SWIFT_EMIT_LOC_STRINGS = NO;
				SWIFT_VERSION = 5.0;
				TARGETED_DEVICE_FAMILY = "1,2";
				TEST_HOST = "$(BUILT_PRODUCTS_DIR)/GDateKitExample.app/$(BUNDLE_EXECUTABLE_FOLDER_PATH)/GDateKitExample";
			};
			name = Debug;
		};
		9F5EBB8B2D09E75F00806433 /* Release */ = {
			isa = XCBuildConfiguration;
			buildSettings = {
				BUNDLE_LOADER = "$(TEST_HOST)";
				CODE_SIGN_STYLE = Automatic;
				CURRENT_PROJECT_VERSION = 1;
				DEVELOPMENT_TEAM = YBH7VNKFTJ;
				GENERATE_INFOPLIST_FILE = YES;
				IPHONEOS_DEPLOYMENT_TARGET = 18.0;
				MARKETING_VERSION = 1.0;
				PRODUCT_BUNDLE_IDENTIFIER = com.ted.GDateKitExampleTests;
				PRODUCT_NAME = "$(TARGET_NAME)";
				SWIFT_EMIT_LOC_STRINGS = NO;
				SWIFT_VERSION = 5.0;
				TARGETED_DEVICE_FAMILY = "1,2";
				TEST_HOST = "$(BUILT_PRODUCTS_DIR)/GDateKitExample.app/$(BUNDLE_EXECUTABLE_FOLDER_PATH)/GDateKitExample";
			};
			name = Release;
		};
		9F5EBB8D2D09E75F00806433 /* Debug */ = {
			isa = XCBuildConfiguration;
			buildSettings = {
				CODE_SIGN_STYLE = Automatic;
				CURRENT_PROJECT_VERSION = 1;
				DEVELOPMENT_TEAM = YBH7VNKFTJ;
				GENERATE_INFOPLIST_FILE = YES;
				MARKETING_VERSION = 1.0;
				PRODUCT_BUNDLE_IDENTIFIER = com.ted.GDateKitExampleUITests;
				PRODUCT_NAME = "$(TARGET_NAME)";
				SWIFT_EMIT_LOC_STRINGS = NO;
				SWIFT_VERSION = 5.0;
				TARGETED_DEVICE_FAMILY = "1,2";
				TEST_TARGET_NAME = GDateKitExample;
			};
			name = Debug;
		};
		9F5EBB8E2D09E75F00806433 /* Release */ = {
			isa = XCBuildConfiguration;
			buildSettings = {
				CODE_SIGN_STYLE = Automatic;
				CURRENT_PROJECT_VERSION = 1;
				DEVELOPMENT_TEAM = YBH7VNKFTJ;
				GENERATE_INFOPLIST_FILE = YES;
				MARKETING_VERSION = 1.0;
				PRODUCT_BUNDLE_IDENTIFIER = com.ted.GDateKitExampleUITests;
				PRODUCT_NAME = "$(TARGET_NAME)";
				SWIFT_EMIT_LOC_STRINGS = NO;
				SWIFT_VERSION = 5.0;
				TARGETED_DEVICE_FAMILY = "1,2";
				TEST_TARGET_NAME = GDateKitExample;
			};
			name = Release;
		};
/* End XCBuildConfiguration section */

/* Begin XCConfigurationList section */
		9F5EBB562D09E75E00806433 /* Build configuration list for PBXProject "GDateKitExample" */ = {
			isa = XCConfigurationList;
			buildConfigurations = (
				9F5EBB872D09E75F00806433 /* Debug */,
				9F5EBB882D09E75F00806433 /* Release */,
			);
			defaultConfigurationIsVisible = 0;
			defaultConfigurationName = Release;
		};
		9F5EBB842D09E75F00806433 /* Build configuration list for PBXNativeTarget "GDateKitExample" */ = {
			isa = XCConfigurationList;
			buildConfigurations = (
				9F5EBB852D09E75F00806433 /* Debug */,
				9F5EBB862D09E75F00806433 /* Release */,
			);
			defaultConfigurationIsVisible = 0;
			defaultConfigurationName = Release;
		};
		9F5EBB892D09E75F00806433 /* Build configuration list for PBXNativeTarget "GDateKitExampleTests" */ = {
			isa = XCConfigurationList;
			buildConfigurations = (
				9F5EBB8A2D09E75F00806433 /* Debug */,
				9F5EBB8B2D09E75F00806433 /* Release */,
			);
			defaultConfigurationIsVisible = 0;
			defaultConfigurationName = Release;
		};
		9F5EBB8C2D09E75F00806433 /* Build configuration list for PBXNativeTarget "GDateKitExampleUITests" */ = {
			isa = XCConfigurationList;
			buildConfigurations = (
				9F5EBB8D2D09E75F00806433 /* Debug */,
				9F5EBB8E2D09E75F00806433 /* Release */,
			);
			defaultConfigurationIsVisible = 0;
			defaultConfigurationName = Release;
		};
/* End XCConfigurationList section */

/* Begin XCLocalSwiftPackageReference section */
		9F5EBBA52D09EB1D00806433 /* XCLocalSwiftPackageReference "../../../GDateKit" */ = {
			isa = XCLocalSwiftPackageReference;
			relativePath = ../../../GDateKit;
		};
/* End XCLocalSwiftPackageReference section */

/* Begin XCSwiftPackageProductDependency section */
		9F5EBBA62D09EB1D00806433 /* GDateKit */ = {
			isa = XCSwiftPackageProductDependency;
			productName = GDateKit;
		};
/* End XCSwiftPackageProductDependency section */
	};
	rootObject = 9F5EBB532D09E75E00806433 /* Project object */;
}
